// !$*UTF8*$!
{
	archiveVersion = 1;
	classes = {
	};
	objectVersion = 56;
	objects = {

/* Begin PBXBuildFile section */
		3613139C294C4B3A00BB42A4 /* AppDetailViewController.swift in Sources */ = {isa = PBXBuildFile; fileRef = 3613139B294C4B3A00BB42A4 /* AppDetailViewController.swift */; };
		3613139E294CBC5700BB42A4 /* ScreenshotCell.swift in Sources */ = {isa = PBXBuildFile; fileRef = 3613139D294CBC5700BB42A4 /* ScreenshotCell.swift */; };
		361AE26A294D8BBB0092FCD2 /* KeywordCell.swift in Sources */ = {isa = PBXBuildFile; fileRef = 361AE269294D8BBB0092FCD2 /* KeywordCell.swift */; };
		361AE26C294D8EF70092FCD2 /* Listable.swift in Sources */ = {isa = PBXBuildFile; fileRef = 361AE26B294D8EF70092FCD2 /* Listable.swift */; };
		361AE26E294D90590092FCD2 /* Keyword.swift in Sources */ = {isa = PBXBuildFile; fileRef = 361AE26D294D90590092FCD2 /* Keyword.swift */; };
		361AE270294DE3CA0092FCD2 /* RecentKeywordCell.swift in Sources */ = {isa = PBXBuildFile; fileRef = 361AE26F294DE3CA0092FCD2 /* RecentKeywordCell.swift */; };
		366FBBAA2949D1CC00F8E7B3 /* AppDelegate.swift in Sources */ = {isa = PBXBuildFile; fileRef = 366FBBA92949D1CC00F8E7B3 /* AppDelegate.swift */; };
		366FBBAC2949D1CC00F8E7B3 /* SceneDelegate.swift in Sources */ = {isa = PBXBuildFile; fileRef = 366FBBAB2949D1CC00F8E7B3 /* SceneDelegate.swift */; };
		366FBBAE2949D1CC00F8E7B3 /* SearchViewController.swift in Sources */ = {isa = PBXBuildFile; fileRef = 366FBBAD2949D1CC00F8E7B3 /* SearchViewController.swift */; };
		366FBBB12949D1CC00F8E7B3 /* Main.storyboard in Resources */ = {isa = PBXBuildFile; fileRef = 366FBBAF2949D1CC00F8E7B3 /* Main.storyboard */; };
		366FBBB32949D1CE00F8E7B3 /* Assets.xcassets in Resources */ = {isa = PBXBuildFile; fileRef = 366FBBB22949D1CE00F8E7B3 /* Assets.xcassets */; };
		366FBBB62949D1CE00F8E7B3 /* LaunchScreen.storyboard in Resources */ = {isa = PBXBuildFile; fileRef = 366FBBB42949D1CE00F8E7B3 /* LaunchScreen.storyboard */; };
		366FBBC6294A2D3200F8E7B3 /* Alamofire in Frameworks */ = {isa = PBXBuildFile; productRef = 366FBBC5294A2D3200F8E7B3 /* Alamofire */; };
		366FBBC9294A2D5D00F8E7B3 /* Kingfisher in Frameworks */ = {isa = PBXBuildFile; productRef = 366FBBC8294A2D5D00F8E7B3 /* Kingfisher */; };
		366FBBD3294A327800F8E7B3 /* RxCocoa in Frameworks */ = {isa = PBXBuildFile; productRef = 366FBBD2294A327800F8E7B3 /* RxCocoa */; };
		366FBBD5294A327800F8E7B3 /* RxSwift in Frameworks */ = {isa = PBXBuildFile; productRef = 366FBBD4294A327800F8E7B3 /* RxSwift */; };
		366FBBD8294A340000F8E7B3 /* SearchResult.swift in Sources */ = {isa = PBXBuildFile; fileRef = 366FBBD7294A340000F8E7B3 /* SearchResult.swift */; };
		366FBBDB294A36C400F8E7B3 /* SearchService.swift in Sources */ = {isa = PBXBuildFile; fileRef = 366FBBDA294A36C400F8E7B3 /* SearchService.swift */; };
		366FBBDE294A37CA00F8E7B3 /* SearchViewModel.swift in Sources */ = {isa = PBXBuildFile; fileRef = 366FBBDD294A37CA00F8E7B3 /* SearchViewModel.swift */; };
		366FBBE1294AF76600F8E7B3 /* AppCell.swift in Sources */ = {isa = PBXBuildFile; fileRef = 366FBBE0294AF76600F8E7B3 /* AppCell.swift */; };
/* End PBXBuildFile section */

/* Begin PBXFileReference section */
		3613139B294C4B3A00BB42A4 /* AppDetailViewController.swift */ = {isa = PBXFileReference; lastKnownFileType = sourcecode.swift; path = AppDetailViewController.swift; sourceTree = "<group>"; };
		3613139D294CBC5700BB42A4 /* ScreenshotCell.swift */ = {isa = PBXFileReference; lastKnownFileType = sourcecode.swift; path = ScreenshotCell.swift; sourceTree = "<group>"; };
		361AE269294D8BBB0092FCD2 /* KeywordCell.swift */ = {isa = PBXFileReference; lastKnownFileType = sourcecode.swift; path = KeywordCell.swift; sourceTree = "<group>"; };
		361AE26B294D8EF70092FCD2 /* Listable.swift */ = {isa = PBXFileReference; lastKnownFileType = sourcecode.swift; path = Listable.swift; sourceTree = "<group>"; };
		361AE26D294D90590092FCD2 /* Keyword.swift */ = {isa = PBXFileReference; lastKnownFileType = sourcecode.swift; path = Keyword.swift; sourceTree = "<group>"; };
		361AE26F294DE3CA0092FCD2 /* RecentKeywordCell.swift */ = {isa = PBXFileReference; lastKnownFileType = sourcecode.swift; path = RecentKeywordCell.swift; sourceTree = "<group>"; };
		366FBBA62949D1CC00F8E7B3 /* AppStoreSearchApp.app */ = {isa = PBXFileReference; explicitFileType = wrapper.application; includeInIndex = 0; path = AppStoreSearchApp.app; sourceTree = BUILT_PRODUCTS_DIR; };
		366FBBA92949D1CC00F8E7B3 /* AppDelegate.swift */ = {isa = PBXFileReference; lastKnownFileType = sourcecode.swift; path = AppDelegate.swift; sourceTree = "<group>"; };
		366FBBAB2949D1CC00F8E7B3 /* SceneDelegate.swift */ = {isa = PBXFileReference; lastKnownFileType = sourcecode.swift; path = SceneDelegate.swift; sourceTree = "<group>"; };
		366FBBAD2949D1CC00F8E7B3 /* SearchViewController.swift */ = {isa = PBXFileReference; lastKnownFileType = sourcecode.swift; path = SearchViewController.swift; sourceTree = "<group>"; };
		366FBBB02949D1CC00F8E7B3 /* Base */ = {isa = PBXFileReference; lastKnownFileType = file.storyboard; name = Base; path = Base.lproj/Main.storyboard; sourceTree = "<group>"; };
		366FBBB22949D1CE00F8E7B3 /* Assets.xcassets */ = {isa = PBXFileReference; lastKnownFileType = folder.assetcatalog; path = Assets.xcassets; sourceTree = "<group>"; };
		366FBBB52949D1CE00F8E7B3 /* Base */ = {isa = PBXFileReference; lastKnownFileType = file.storyboard; name = Base; path = Base.lproj/LaunchScreen.storyboard; sourceTree = "<group>"; };
		366FBBB72949D1CE00F8E7B3 /* Info.plist */ = {isa = PBXFileReference; lastKnownFileType = text.plist.xml; path = Info.plist; sourceTree = "<group>"; };
		366FBBD7294A340000F8E7B3 /* SearchResult.swift */ = {isa = PBXFileReference; lastKnownFileType = sourcecode.swift; path = SearchResult.swift; sourceTree = "<group>"; };
		366FBBDA294A36C400F8E7B3 /* SearchService.swift */ = {isa = PBXFileReference; lastKnownFileType = sourcecode.swift; path = SearchService.swift; sourceTree = "<group>"; };
		366FBBDD294A37CA00F8E7B3 /* SearchViewModel.swift */ = {isa = PBXFileReference; lastKnownFileType = sourcecode.swift; path = SearchViewModel.swift; sourceTree = "<group>"; };
		366FBBE0294AF76600F8E7B3 /* AppCell.swift */ = {isa = PBXFileReference; lastKnownFileType = sourcecode.swift; path = AppCell.swift; sourceTree = "<group>"; };
/* End PBXFileReference section */

/* Begin PBXFrameworksBuildPhase section */
		366FBBA32949D1CC00F8E7B3 /* Frameworks */ = {
			isa = PBXFrameworksBuildPhase;
			buildActionMask = 2147483647;
			files = (
				366FBBD3294A327800F8E7B3 /* RxCocoa in Frameworks */,
				366FBBC6294A2D3200F8E7B3 /* Alamofire in Frameworks */,
				366FBBD5294A327800F8E7B3 /* RxSwift in Frameworks */,
				366FBBC9294A2D5D00F8E7B3 /* Kingfisher in Frameworks */,
			);
			runOnlyForDeploymentPostprocessing = 0;
		};
/* End PBXFrameworksBuildPhase section */

/* Begin PBXGroup section */
		366FBB9D2949D1CC00F8E7B3 = {
			isa = PBXGroup;
			children = (
				366FBBA82949D1CC00F8E7B3 /* AppStoreSearchApp */,
				366FBBA72949D1CC00F8E7B3 /* Products */,
			);
			sourceTree = "<group>";
		};
		366FBBA72949D1CC00F8E7B3 /* Products */ = {
			isa = PBXGroup;
			children = (
				366FBBA62949D1CC00F8E7B3 /* AppStoreSearchApp.app */,
			);
			name = Products;
			sourceTree = "<group>";
		};
		366FBBA82949D1CC00F8E7B3 /* AppStoreSearchApp */ = {
			isa = PBXGroup;
			children = (
				366FBBDF294AF74F00F8E7B3 /* View */,
				366FBBDC294A378000F8E7B3 /* ViewModel */,
				366FBBD9294A368E00F8E7B3 /* Service */,
				366FBBD6294A33E900F8E7B3 /* Model */,
				366FBBA92949D1CC00F8E7B3 /* AppDelegate.swift */,
				366FBBAB2949D1CC00F8E7B3 /* SceneDelegate.swift */,
				366FBBAF2949D1CC00F8E7B3 /* Main.storyboard */,
				366FBBB22949D1CE00F8E7B3 /* Assets.xcassets */,
				366FBBB42949D1CE00F8E7B3 /* LaunchScreen.storyboard */,
				366FBBB72949D1CE00F8E7B3 /* Info.plist */,
			);
			path = AppStoreSearchApp;
			sourceTree = "<group>";
		};
		366FBBD6294A33E900F8E7B3 /* Model */ = {
			isa = PBXGroup;
			children = (
				366FBBD7294A340000F8E7B3 /* SearchResult.swift */,
				361AE26B294D8EF70092FCD2 /* Listable.swift */,
				361AE26D294D90590092FCD2 /* Keyword.swift */,
			);
			path = Model;
			sourceTree = "<group>";
		};
		366FBBD9294A368E00F8E7B3 /* Service */ = {
			isa = PBXGroup;
			children = (
				366FBBDA294A36C400F8E7B3 /* SearchService.swift */,
			);
			path = Service;
			sourceTree = "<group>";
		};
		366FBBDC294A378000F8E7B3 /* ViewModel */ = {
			isa = PBXGroup;
			children = (
				366FBBDD294A37CA00F8E7B3 /* SearchViewModel.swift */,
			);
			path = ViewModel;
			sourceTree = "<group>";
		};
		366FBBDF294AF74F00F8E7B3 /* View */ = {
			isa = PBXGroup;
			children = (
				366FBBAD2949D1CC00F8E7B3 /* SearchViewController.swift */,
				366FBBE0294AF76600F8E7B3 /* AppCell.swift */,
				3613139B294C4B3A00BB42A4 /* AppDetailViewController.swift */,
				3613139D294CBC5700BB42A4 /* ScreenshotCell.swift */,
				361AE269294D8BBB0092FCD2 /* KeywordCell.swift */,
				361AE26F294DE3CA0092FCD2 /* RecentKeywordCell.swift */,
			);
			path = View;
			sourceTree = "<group>";
		};
/* End PBXGroup section */

/* Begin PBXNativeTarget section */
		366FBBA52949D1CC00F8E7B3 /* AppStoreSearchApp */ = {
			isa = PBXNativeTarget;
			buildConfigurationList = 366FBBBA2949D1CE00F8E7B3 /* Build configuration list for PBXNativeTarget "AppStoreSearchApp" */;
			buildPhases = (
				366FBBA22949D1CC00F8E7B3 /* Sources */,
				366FBBA32949D1CC00F8E7B3 /* Frameworks */,
				366FBBA42949D1CC00F8E7B3 /* Resources */,
			);
			buildRules = (
			);
			dependencies = (
			);
			name = AppStoreSearchApp;
			packageProductDependencies = (
				366FBBC5294A2D3200F8E7B3 /* Alamofire */,
				366FBBC8294A2D5D00F8E7B3 /* Kingfisher */,
				366FBBD2294A327800F8E7B3 /* RxCocoa */,
				366FBBD4294A327800F8E7B3 /* RxSwift */,
			);
			productName = AppStoreSearchApp;
			productReference = 366FBBA62949D1CC00F8E7B3 /* AppStoreSearchApp.app */;
			productType = "com.apple.product-type.application";
		};
/* End PBXNativeTarget section */

/* Begin PBXProject section */
		366FBB9E2949D1CC00F8E7B3 /* Project object */ = {
			isa = PBXProject;
			attributes = {
				BuildIndependentTargetsInParallel = 1;
				LastSwiftUpdateCheck = 1420;
				LastUpgradeCheck = 1420;
				TargetAttributes = {
					366FBBA52949D1CC00F8E7B3 = {
						CreatedOnToolsVersion = 14.2;
					};
				};
			};
			buildConfigurationList = 366FBBA12949D1CC00F8E7B3 /* Build configuration list for PBXProject "AppStoreSearchApp" */;
			compatibilityVersion = "Xcode 14.0";
			developmentRegion = en;
			hasScannedForEncodings = 0;
			knownRegions = (
				en,
				Base,
			);
			mainGroup = 366FBB9D2949D1CC00F8E7B3;
			packageReferences = (
				366FBBC4294A2D3200F8E7B3 /* XCRemoteSwiftPackageReference "Alamofire" */,
				366FBBC7294A2D5D00F8E7B3 /* XCRemoteSwiftPackageReference "Kingfisher" */,
				366FBBD1294A327800F8E7B3 /* XCRemoteSwiftPackageReference "RxSwift" */,
			);
			productRefGroup = 366FBBA72949D1CC00F8E7B3 /* Products */;
			projectDirPath = "";
			projectRoot = "";
			targets = (
				366FBBA52949D1CC00F8E7B3 /* AppStoreSearchApp */,
			);
		};
/* End PBXProject section */

/* Begin PBXResourcesBuildPhase section */
		366FBBA42949D1CC00F8E7B3 /* Resources */ = {
			isa = PBXResourcesBuildPhase;
			buildActionMask = 2147483647;
			files = (
				366FBBB62949D1CE00F8E7B3 /* LaunchScreen.storyboard in Resources */,
				366FBBB32949D1CE00F8E7B3 /* Assets.xcassets in Resources */,
				366FBBB12949D1CC00F8E7B3 /* Main.storyboard in Resources */,
			);
			runOnlyForDeploymentPostprocessing = 0;
		};
/* End PBXResourcesBuildPhase section */

/* Begin PBXSourcesBuildPhase section */
		366FBBA22949D1CC00F8E7B3 /* Sources */ = {
			isa = PBXSourcesBuildPhase;
			buildActionMask = 2147483647;
			files = (
				366FBBDE294A37CA00F8E7B3 /* SearchViewModel.swift in Sources */,
				361AE26E294D90590092FCD2 /* Keyword.swift in Sources */,
				366FBBE1294AF76600F8E7B3 /* AppCell.swift in Sources */,
				366FBBAE2949D1CC00F8E7B3 /* SearchViewController.swift in Sources */,
				361AE26A294D8BBB0092FCD2 /* KeywordCell.swift in Sources */,
				361AE26C294D8EF70092FCD2 /* Listable.swift in Sources */,
				3613139C294C4B3A00BB42A4 /* AppDetailViewController.swift in Sources */,
				3613139E294CBC5700BB42A4 /* ScreenshotCell.swift in Sources */,
				366FBBAA2949D1CC00F8E7B3 /* AppDelegate.swift in Sources */,
				361AE270294DE3CA0092FCD2 /* RecentKeywordCell.swift in Sources */,
				366FBBDB294A36C400F8E7B3 /* SearchService.swift in Sources */,
				366FBBD8294A340000F8E7B3 /* SearchResult.swift in Sources */,
				366FBBAC2949D1CC00F8E7B3 /* SceneDelegate.swift in Sources */,
			);
			runOnlyForDeploymentPostprocessing = 0;
		};
/* End PBXSourcesBuildPhase section */

/* Begin PBXVariantGroup section */
		366FBBAF2949D1CC00F8E7B3 /* Main.storyboard */ = {
			isa = PBXVariantGroup;
			children = (
				366FBBB02949D1CC00F8E7B3 /* Base */,
			);
			name = Main.storyboard;
			sourceTree = "<group>";
		};
		366FBBB42949D1CE00F8E7B3 /* LaunchScreen.storyboard */ = {
			isa = PBXVariantGroup;
			children = (
				366FBBB52949D1CE00F8E7B3 /* Base */,
			);
			name = LaunchScreen.storyboard;
			sourceTree = "<group>";
		};
/* End PBXVariantGroup section */

/* Begin XCBuildConfiguration section */
		366FBBB82949D1CE00F8E7B3 /* Debug */ = {
			isa = XCBuildConfiguration;
			buildSettings = {
				ALWAYS_SEARCH_USER_PATHS = NO;
				CLANG_ANALYZER_NONNULL = YES;
				CLANG_ANALYZER_NUMBER_OBJECT_CONVERSION = YES_AGGRESSIVE;
				CLANG_CXX_LANGUAGE_STANDARD = "gnu++20";
				CLANG_ENABLE_MODULES = YES;
				CLANG_ENABLE_OBJC_ARC = YES;
				CLANG_ENABLE_OBJC_WEAK = YES;
				CLANG_WARN_BLOCK_CAPTURE_AUTORELEASING = YES;
				CLANG_WARN_BOOL_CONVERSION = YES;
				CLANG_WARN_COMMA = YES;
				CLANG_WARN_CONSTANT_CONVERSION = YES;
				CLANG_WARN_DEPRECATED_OBJC_IMPLEMENTATIONS = YES;
				CLANG_WARN_DIRECT_OBJC_ISA_USAGE = YES_ERROR;
				CLANG_WARN_DOCUMENTATION_COMMENTS = YES;
				CLANG_WARN_EMPTY_BODY = YES;
				CLANG_WARN_ENUM_CONVERSION = YES;
				CLANG_WARN_INFINITE_RECURSION = YES;
				CLANG_WARN_INT_CONVERSION = YES;
				CLANG_WARN_NON_LITERAL_NULL_CONVERSION = YES;
				CLANG_WARN_OBJC_IMPLICIT_RETAIN_SELF = YES;
				CLANG_WARN_OBJC_LITERAL_CONVERSION = YES;
				CLANG_WARN_OBJC_ROOT_CLASS = YES_ERROR;
				CLANG_WARN_QUOTED_INCLUDE_IN_FRAMEWORK_HEADER = YES;
				CLANG_WARN_RANGE_LOOP_ANALYSIS = YES;
				CLANG_WARN_STRICT_PROTOTYPES = YES;
				CLANG_WARN_SUSPICIOUS_MOVE = YES;
				CLANG_WARN_UNGUARDED_AVAILABILITY = YES_AGGRESSIVE;
				CLANG_WARN_UNREACHABLE_CODE = YES;
				CLANG_WARN__DUPLICATE_METHOD_MATCH = YES;
				COPY_PHASE_STRIP = NO;
				DEBUG_INFORMATION_FORMAT = dwarf;
				ENABLE_STRICT_OBJC_MSGSEND = YES;
				ENABLE_TESTABILITY = YES;
				GCC_C_LANGUAGE_STANDARD = gnu11;
				GCC_DYNAMIC_NO_PIC = NO;
				GCC_NO_COMMON_BLOCKS = YES;
				GCC_OPTIMIZATION_LEVEL = 0;
				GCC_PREPROCESSOR_DEFINITIONS = (
					"DEBUG=1",
					"$(inherited)",
				);
				GCC_WARN_64_TO_32_BIT_CONVERSION = YES;
				GCC_WARN_ABOUT_RETURN_TYPE = YES_ERROR;
				GCC_WARN_UNDECLARED_SELECTOR = YES;
				GCC_WARN_UNINITIALIZED_AUTOS = YES_AGGRESSIVE;
				GCC_WARN_UNUSED_FUNCTION = YES;
				GCC_WARN_UNUSED_VARIABLE = YES;
				IPHONEOS_DEPLOYMENT_TARGET = 13.0;
				MTL_ENABLE_DEBUG_INFO = INCLUDE_SOURCE;
				MTL_FAST_MATH = YES;
				ONLY_ACTIVE_ARCH = YES;
				SDKROOT = iphoneos;
				SWIFT_ACTIVE_COMPILATION_CONDITIONS = DEBUG;
				SWIFT_OPTIMIZATION_LEVEL = "-Onone";
			};
			name = Debug;
		};
		366FBBB92949D1CE00F8E7B3 /* Release */ = {
			isa = XCBuildConfiguration;
			buildSettings = {
				ALWAYS_SEARCH_USER_PATHS = NO;
				CLANG_ANALYZER_NONNULL = YES;
				CLANG_ANALYZER_NUMBER_OBJECT_CONVERSION = YES_AGGRESSIVE;
				CLANG_CXX_LANGUAGE_STANDARD = "gnu++20";
				CLANG_ENABLE_MODULES = YES;
				CLANG_ENABLE_OBJC_ARC = YES;
				CLANG_ENABLE_OBJC_WEAK = YES;
				CLANG_WARN_BLOCK_CAPTURE_AUTORELEASING = YES;
				CLANG_WARN_BOOL_CONVERSION = YES;
				CLANG_WARN_COMMA = YES;
				CLANG_WARN_CONSTANT_CONVERSION = YES;
				CLANG_WARN_DEPRECATED_OBJC_IMPLEMENTATIONS = YES;
				CLANG_WARN_DIRECT_OBJC_ISA_USAGE = YES_ERROR;
				CLANG_WARN_DOCUMENTATION_COMMENTS = YES;
				CLANG_WARN_EMPTY_BODY = YES;
				CLANG_WARN_ENUM_CONVERSION = YES;
				CLANG_WARN_INFINITE_RECURSION = YES;
				CLANG_WARN_INT_CONVERSION = YES;
				CLANG_WARN_NON_LITERAL_NULL_CONVERSION = YES;
				CLANG_WARN_OBJC_IMPLICIT_RETAIN_SELF = YES;
				CLANG_WARN_OBJC_LITERAL_CONVERSION = YES;
				CLANG_WARN_OBJC_ROOT_CLASS = YES_ERROR;
				CLANG_WARN_QUOTED_INCLUDE_IN_FRAMEWORK_HEADER = YES;
				CLANG_WARN_RANGE_LOOP_ANALYSIS = YES;
				CLANG_WARN_STRICT_PROTOTYPES = YES;
				CLANG_WARN_SUSPICIOUS_MOVE = YES;
				CLANG_WARN_UNGUARDED_AVAILABILITY = YES_AGGRESSIVE;
				CLANG_WARN_UNREACHABLE_CODE = YES;
				CLANG_WARN__DUPLICATE_METHOD_MATCH = YES;
				COPY_PHASE_STRIP = NO;
				DEBUG_INFORMATION_FORMAT = "dwarf-with-dsym";
				ENABLE_NS_ASSERTIONS = NO;
				ENABLE_STRICT_OBJC_MSGSEND = YES;
				GCC_C_LANGUAGE_STANDARD = gnu11;
				GCC_NO_COMMON_BLOCKS = YES;
				GCC_WARN_64_TO_32_BIT_CONVERSION = YES;
				GCC_WARN_ABOUT_RETURN_TYPE = YES_ERROR;
				GCC_WARN_UNDECLARED_SELECTOR = YES;
				GCC_WARN_UNINITIALIZED_AUTOS = YES_AGGRESSIVE;
				GCC_WARN_UNUSED_FUNCTION = YES;
				GCC_WARN_UNUSED_VARIABLE = YES;
				IPHONEOS_DEPLOYMENT_TARGET = 13.0;
				MTL_ENABLE_DEBUG_INFO = NO;
				MTL_FAST_MATH = YES;
				SDKROOT = iphoneos;
				SWIFT_COMPILATION_MODE = wholemodule;
				SWIFT_OPTIMIZATION_LEVEL = "-O";
				VALIDATE_PRODUCT = YES;
			};
			name = Release;
		};
		366FBBBB2949D1CE00F8E7B3 /* Debug */ = {
			isa = XCBuildConfiguration;
			buildSettings = {
				ASSETCATALOG_COMPILER_APPICON_NAME = AppIcon;
				ASSETCATALOG_COMPILER_GLOBAL_ACCENT_COLOR_NAME = AccentColor;
				CODE_SIGN_STYLE = Automatic;
				CURRENT_PROJECT_VERSION = 1;
				DEVELOPMENT_TEAM = PF8SSD5DBD;
				GENERATE_INFOPLIST_FILE = YES;
				INFOPLIST_FILE = AppStoreSearchApp/Info.plist;
				INFOPLIST_KEY_UIApplicationSupportsIndirectInputEvents = YES;
				INFOPLIST_KEY_UILaunchStoryboardName = LaunchScreen;
				INFOPLIST_KEY_UIMainStoryboardFile = Main;
				INFOPLIST_KEY_UISupportedInterfaceOrientations_iPad = "UIInterfaceOrientationPortrait UIInterfaceOrientationPortraitUpsideDown UIInterfaceOrientationLandscapeLeft UIInterfaceOrientationLandscapeRight";
				INFOPLIST_KEY_UISupportedInterfaceOrientations_iPhone = "UIInterfaceOrientationPortrait UIInterfaceOrientationLandscapeLeft UIInterfaceOrientationLandscapeRight";
				IPHONEOS_DEPLOYMENT_TARGET = 13.0;
				LD_RUNPATH_SEARCH_PATHS = (
					"$(inherited)",
					"@executable_path/Frameworks",
				);
				MARKETING_VERSION = 1.0;
				PRODUCT_BUNDLE_IDENTIFIER = yimseongmin.AppStoreSearchApp;
				PRODUCT_NAME = "$(TARGET_NAME)";
				SWIFT_EMIT_LOC_STRINGS = YES;
				SWIFT_VERSION = 5.0;
				TARGETED_DEVICE_FAMILY = "1,2";
			};
			name = Debug;
		};
		366FBBBC2949D1CE00F8E7B3 /* Release */ = {
			isa = XCBuildConfiguration;
			buildSettings = {
				ASSETCATALOG_COMPILER_APPICON_NAME = AppIcon;
				ASSETCATALOG_COMPILER_GLOBAL_ACCENT_COLOR_NAME = AccentColor;
				CODE_SIGN_STYLE = Automatic;
				CURRENT_PROJECT_VERSION = 1;
				DEVELOPMENT_TEAM = PF8SSD5DBD;
				GENERATE_INFOPLIST_FILE = YES;
				INFOPLIST_FILE = AppStoreSearchApp/Info.plist;
				INFOPLIST_KEY_UIApplicationSupportsIndirectInputEvents = YES;
				INFOPLIST_KEY_UILaunchStoryboardName = LaunchScreen;
				INFOPLIST_KEY_UIMainStoryboardFile = Main;
				INFOPLIST_KEY_UISupportedInterfaceOrientations_iPad = "UIInterfaceOrientationPortrait UIInterfaceOrientationPortraitUpsideDown UIInterfaceOrientationLandscapeLeft UIInterfaceOrientationLandscapeRight";
				INFOPLIST_KEY_UISupportedInterfaceOrientations_iPhone = "UIInterfaceOrientationPortrait UIInterfaceOrientationLandscapeLeft UIInterfaceOrientationLandscapeRight";
				IPHONEOS_DEPLOYMENT_TARGET = 13.0;
				LD_RUNPATH_SEARCH_PATHS = (
					"$(inherited)",
					"@executable_path/Frameworks",
				);
				MARKETING_VERSION = 1.0;
				PRODUCT_BUNDLE_IDENTIFIER = yimseongmin.AppStoreSearchApp;
				PRODUCT_NAME = "$(TARGET_NAME)";
				SWIFT_EMIT_LOC_STRINGS = YES;
				SWIFT_VERSION = 5.0;
				TARGETED_DEVICE_FAMILY = "1,2";
			};
			name = Release;
		};
/* End XCBuildConfiguration section */

/* Begin XCConfigurationList section */
		366FBBA12949D1CC00F8E7B3 /* Build configuration list for PBXProject "AppStoreSearchApp" */ = {
			isa = XCConfigurationList;
			buildConfigurations = (
				366FBBB82949D1CE00F8E7B3 /* Debug */,
				366FBBB92949D1CE00F8E7B3 /* Release */,
			);
			defaultConfigurationIsVisible = 0;
			defaultConfigurationName = Release;
		};
		366FBBBA2949D1CE00F8E7B3 /* Build configuration list for PBXNativeTarget "AppStoreSearchApp" */ = {
			isa = XCConfigurationList;
			buildConfigurations = (
				366FBBBB2949D1CE00F8E7B3 /* Debug */,
				366FBBBC2949D1CE00F8E7B3 /* Release */,
			);
			defaultConfigurationIsVisible = 0;
			defaultConfigurationName = Release;
		};
/* End XCConfigurationList section */

/* Begin XCRemoteSwiftPackageReference section */
		366FBBC4294A2D3200F8E7B3 /* XCRemoteSwiftPackageReference "Alamofire" */ = {
			isa = XCRemoteSwiftPackageReference;
			repositoryURL = "https://github.com/Alamofire/Alamofire.git";
			requirement = {
				kind = upToNextMajorVersion;
				minimumVersion = 5.0.0;
			};
		};
		366FBBC7294A2D5D00F8E7B3 /* XCRemoteSwiftPackageReference "Kingfisher" */ = {
			isa = XCRemoteSwiftPackageReference;
			repositoryURL = "https://github.com/onevcat/Kingfisher.git";
			requirement = {
				branch = master;
				kind = branch;
			};
		};
		366FBBD1294A327800F8E7B3 /* XCRemoteSwiftPackageReference "RxSwift" */ = {
			isa = XCRemoteSwiftPackageReference;
			repositoryURL = "https://github.com/ReactiveX/RxSwift.git";
			requirement = {
				branch = main;
				kind = branch;
			};
		};
/* End XCRemoteSwiftPackageReference section */

/* Begin XCSwiftPackageProductDependency section */
		366FBBC5294A2D3200F8E7B3 /* Alamofire */ = {
			isa = XCSwiftPackageProductDependency;
			package = 366FBBC4294A2D3200F8E7B3 /* XCRemoteSwiftPackageReference "Alamofire" */;
			productName = Alamofire;
		};
		366FBBC8294A2D5D00F8E7B3 /* Kingfisher */ = {
			isa = XCSwiftPackageProductDependency;
			package = 366FBBC7294A2D5D00F8E7B3 /* XCRemoteSwiftPackageReference "Kingfisher" */;
			productName = Kingfisher;
		};
		366FBBD2294A327800F8E7B3 /* RxCocoa */ = {
			isa = XCSwiftPackageProductDependency;
			package = 366FBBD1294A327800F8E7B3 /* XCRemoteSwiftPackageReference "RxSwift" */;
			productName = RxCocoa;
		};
		366FBBD4294A327800F8E7B3 /* RxSwift */ = {
			isa = XCSwiftPackageProductDependency;
			package = 366FBBD1294A327800F8E7B3 /* XCRemoteSwiftPackageReference "RxSwift" */;
			productName = RxSwift;
		};
/* End XCSwiftPackageProductDependency section */
	};
	rootObject = 366FBB9E2949D1CC00F8E7B3 /* Project object */;
}
